github.com/w4ndry/go-say-hello v1.0.0 h1:xrmTYwZbpZW1r+MgoOb/aasfWqGTk4uV0kP2GzTzfZI=
github.com/w4ndry/go-say-hello v1.0.0/go.mod h1:p7sMBW1hYjar7Irn0qXcS5k2iA1CnsvSXlCUxu/EGOw=
github.com/w4ndry/go-say-hello v1.0.1 h1:VYoPgTt9JNWJsd1y/6JYX+1pkv7m9gTMA+R/qt5hTo8=
github.com/w4ndry/go-say-hello v1.0.1/go.mod h1:p7sMBW1hYjar7Irn0qXcS5k2iA1CnsvSXlCUxu/EGOw=
github.com/w4ndry/go-say-hello/v2 v2.0.0 h1:LuvLmaUsPcUuWYbl96ImYeShb/pjEaaQrDsbQFmv3GI=
github.com/w4ndry/go-say-hello/v2 v2.0.0/go.mod h1:wMFTu07BpZB9aer6K+J+d3L626KunJsn/xT9IT+ARMk=
